
Microsoft Visual Studio Solution File, Format Version 12.00
# Visual Studio Version 17
VisualStudioVersion = 17.0.31903.59
MinimumVisualStudioVersion = 10.0.40219.1
Project("{FAE04EC0-301F-11D3-BF4B-00C04F79EFBC}") = "OsuMusicPlayer.Core", "src\OsuMusicPlayer.Core\OsuMusicPlayer.Core.csproj", "{A26D22B7-57A0-4D16-BF18-3E5F0A6E45B8}"
EndProject
Project("{FAE04EC0-301F-11D3-BF4B-00C04F79EFBC}") = "OsuMusicPlayer.Core.Tests", "tests\OsuMusicPlayer.Core.Tests\OsuMusicPlayer.Core.Tests.csproj", "{0A1E11C5-75E7-4B62-91C7-B234746A1F82}"
EndProject
Project("{FAE04EC0-301F-11D3-BF4B-00C04F79EFBC}") = "OsuMusicPlayer.Audio", "src\OsuMusicPlayer.Audio\OsuMusicPlayer.Audio.csproj", "{266F87DE-4725-4D96-A527-4890EAC32CC5}"
EndProject
Project("{FAE04EC0-301F-11D3-BF4B-00C04F79EFBC}") = "OsuMusicPlayer.App", "src\OsuMusicPlayer.App\OsuMusicPlayer.App.csproj", "{C805E760-00DA-43EF-B212-D1D7C2019EC8}"
EndProject
Project("{FAE04EC0-301F-11D3-BF4B-00C04F79EFBC}") = "OsuMusicPlayer.Audio.Tests", "tests\OsuMusicPlayer.Audio.Tests\OsuMusicPlayer.Audio.Tests.csproj", "{4851143C-8C07-4D53-A209-DF3D73CD1397}"
EndProject
Project("{FAE04EC0-301F-11D3-BF4B-00C04F79EFBC}") = "OsuMusicPlayer.App.Tests", "tests\OsuMusicPlayer.App.Tests\OsuMusicPlayer.App.Tests.csproj", "{7D27F2F8-F0EC-45EF-BD11-E6D0868FDFEA}"
EndProject
Project("{2150E333-8FDC-42A3-9474-1A3956D46DE8}") = "src", "src", "{827E0CD3-B72D-47B6-A68D-7590B98EB39B}"
EndProject
Project("{FAE04EC0-301F-11D3-BF4B-00C04F79EFBC}") = "OsuMusicPlayer.Server", "src\OsuMusicPlayer.Server\OsuMusicPlayer.Server.csproj", "{F56F5BF4-419C-4E3F-84AE-5AD951AE0B39}"
EndProject
Project("{2150E333-8FDC-42A3-9474-1A3956D46DE8}") = "tests", "tests", "{0AB3BF05-4346-4AA6-1389-037BE0695223}"
EndProject
Project("{FAE04EC0-301F-11D3-BF4B-00C04F79EFBC}") = "OsuMusicPlayer.Server.Tests", "tests\OsuMusicPlayer.Server.Tests\OsuMusicPlayer.Server.Tests.csproj", "{F1FFDDC5-2138-4E0E-BEA6-67C176142C29}"
EndProject
Project("{FAE04EC0-301F-11D3-BF4B-00C04F79EFBC}") = "OsuMusicPlayer.ServerHost", "src\OsuMusicPlayer.ServerHost\OsuMusicPlayer.ServerHost.csproj", "{999C1EC6-9638-494B-9F53-B0D85F44CEB8}"
EndProject
Global
	GlobalSection(SolutionConfigurationPlatforms) = preSolution
		Debug|Any CPU = Debug|Any CPU
		Debug|x64 = Debug|x64
		Debug|x86 = Debug|x86
		Release|Any CPU = Release|Any CPU
		Release|x64 = Release|x64
		Release|x86 = Release|x86
	EndGlobalSection
	GlobalSection(ProjectConfigurationPlatforms) = postSolution
		{A26D22B7-57A0-4D16-BF18-3E5F0A6E45B8}.Debug|Any CPU.ActiveCfg = Debug|Any CPU
		{A26D22B7-57A0-4D16-BF18-3E5F0A6E45B8}.Debug|Any CPU.Build.0 = Debug|Any CPU
		{A26D22B7-57A0-4D16-BF18-3E5F0A6E45B8}.Debug|x64.ActiveCfg = Debug|Any CPU
		{A26D22B7-57A0-4D16-BF18-3E5F0A6E45B8}.Debug|x64.Build.0 = Debug|Any CPU
		{A26D22B7-57A0-4D16-BF18-3E5F0A6E45B8}.Debug|x86.ActiveCfg = Debug|Any CPU
		{A26D22B7-57A0-4D16-BF18-3E5F0A6E45B8}.Debug|x86.Build.0 = Debug|Any CPU
		{A26D22B7-57A0-4D16-BF18-3E5F0A6E45B8}.Release|Any CPU.ActiveCfg = Release|Any CPU
		{A26D22B7-57A0-4D16-BF18-3E5F0A6E45B8}.Release|Any CPU.Build.0 = Release|Any CPU
		{A26D22B7-57A0-4D16-BF18-3E5F0A6E45B8}.Release|x64.ActiveCfg = Release|Any CPU
		{A26D22B7-57A0-4D16-BF18-3E5F0A6E45B8}.Release|x64.Build.0 = Release|Any CPU
		{A26D22B7-57A0-4D16-BF18-3E5F0A6E45B8}.Release|x86.ActiveCfg = Release|Any CPU
		{A26D22B7-57A0-4D16-BF18-3E5F0A6E45B8}.Release|x86.Build.0 = Release|Any CPU
		{0A1E11C5-75E7-4B62-91C7-B234746A1F82}.Debug|Any CPU.ActiveCfg = Debug|Any CPU
		{0A1E11C5-75E7-4B62-91C7-B234746A1F82}.Debug|Any CPU.Build.0 = Debug|Any CPU
		{0A1E11C5-75E7-4B62-91C7-B234746A1F82}.Debug|x64.ActiveCfg = Debug|Any CPU
		{0A1E11C5-75E7-4B62-91C7-B234746A1F82}.Debug|x64.Build.0 = Debug|Any CPU
		{0A1E11C5-75E7-4B62-91C7-B234746A1F82}.Debug|x86.ActiveCfg = Debug|Any CPU
		{0A1E11C5-75E7-4B62-91C7-B234746A1F82}.Debug|x86.Build.0 = Debug|Any CPU
		{0A1E11C5-75E7-4B62-91C7-B234746A1F82}.Release|Any CPU.ActiveCfg = Release|Any CPU
		{0A1E11C5-75E7-4B62-91C7-B234746A1F82}.Release|Any CPU.Build.0 = Release|Any CPU
		{0A1E11C5-75E7-4B62-91C7-B234746A1F82}.Release|x64.ActiveCfg = Release|Any CPU
		{0A1E11C5-75E7-4B62-91C7-B234746A1F82}.Release|x64.Build.0 = Release|Any CPU
		{0A1E11C5-75E7-4B62-91C7-B234746A1F82}.Release|x86.ActiveCfg = Release|Any CPU
		{0A1E11C5-75E7-4B62-91C7-B234746A1F82}.Release|x86.Build.0 = Release|Any CPU
		{266F87DE-4725-4D96-A527-4890EAC32CC5}.Debug|Any CPU.ActiveCfg = Debug|Any CPU
		{266F87DE-4725-4D96-A527-4890EAC32CC5}.Debug|Any CPU.Build.0 = Debug|Any CPU
		{266F87DE-4725-4D96-A527-4890EAC32CC5}.Debug|x64.ActiveCfg = Debug|Any CPU
		{266F87DE-4725-4D96-A527-4890EAC32CC5}.Debug|x64.Build.0 = Debug|Any CPU
		{266F87DE-4725-4D96-A527-4890EAC32CC5}.Debug|x86.ActiveCfg = Debug|Any CPU
		{266F87DE-4725-4D96-A527-4890EAC32CC5}.Debug|x86.Build.0 = Debug|Any CPU
		{266F87DE-4725-4D96-A527-4890EAC32CC5}.Release|Any CPU.ActiveCfg = Release|Any CPU
		{266F87DE-4725-4D96-A527-4890EAC32CC5}.Release|Any CPU.Build.0 = Release|Any CPU
		{266F87DE-4725-4D96-A527-4890EAC32CC5}.Release|x64.ActiveCfg = Release|Any CPU
		{266F87DE-4725-4D96-A527-4890EAC32CC5}.Release|x64.Build.0 = Release|Any CPU
		{266F87DE-4725-4D96-A527-4890EAC32CC5}.Release|x86.ActiveCfg = Release|Any CPU
		{266F87DE-4725-4D96-A527-4890EAC32CC5}.Release|x86.Build.0 = Release|Any CPU
		{C805E760-00DA-43EF-B212-D1D7C2019EC8}.Debug|Any CPU.ActiveCfg = Debug|Any CPU
		{C805E760-00DA-43EF-B212-D1D7C2019EC8}.Debug|Any CPU.Build.0 = Debug|Any CPU
		{C805E760-00DA-43EF-B212-D1D7C2019EC8}.Debug|x64.ActiveCfg = Debug|Any CPU
		{C805E760-00DA-43EF-B212-D1D7C2019EC8}.Debug|x64.Build.0 = Debug|Any CPU
		{C805E760-00DA-43EF-B212-D1D7C2019EC8}.Debug|x86.ActiveCfg = Debug|Any CPU
		{C805E760-00DA-43EF-B212-D1D7C2019EC8}.Debug|x86.Build.0 = Debug|Any CPU
		{C805E760-00DA-43EF-B212-D1D7C2019EC8}.Release|Any CPU.ActiveCfg = Release|Any CPU
		{C805E760-00DA-43EF-B212-D1D7C2019EC8}.Release|Any CPU.Build.0 = Release|Any CPU
		{C805E760-00DA-43EF-B212-D1D7C2019EC8}.Release|x64.ActiveCfg = Release|Any CPU
		{C805E760-00DA-43EF-B212-D1D7C2019EC8}.Release|x64.Build.0 = Release|Any CPU
		{C805E760-00DA-43EF-B212-D1D7C2019EC8}.Release|x86.ActiveCfg = Release|Any CPU
		{C805E760-00DA-43EF-B212-D1D7C2019EC8}.Release|x86.Build.0 = Release|Any CPU
		{4851143C-8C07-4D53-A209-DF3D73CD1397}.Debug|Any CPU.ActiveCfg = Debug|Any CPU
		{4851143C-8C07-4D53-A209-DF3D73CD1397}.Debug|Any CPU.Build.0 = Debug|Any CPU
		{4851143C-8C07-4D53-A209-DF3D73CD1397}.Debug|x64.ActiveCfg = Debug|Any CPU
		{4851143C-8C07-4D53-A209-DF3D73CD1397}.Debug|x64.Build.0 = Debug|Any CPU
		{4851143C-8C07-4D53-A209-DF3D73CD1397}.Debug|x86.ActiveCfg = Debug|Any CPU
		{4851143C-8C07-4D53-A209-DF3D73CD1397}.Debug|x86.Build.0 = Debug|Any CPU
		{4851143C-8C07-4D53-A209-DF3D73CD1397}.Release|Any CPU.ActiveCfg = Release|Any CPU
		{4851143C-8C07-4D53-A209-DF3D73CD1397}.Release|Any CPU.Build.0 = Release|Any CPU
		{4851143C-8C07-4D53-A209-DF3D73CD1397}.Release|x64.ActiveCfg = Release|Any CPU
		{4851143C-8C07-4D53-A209-DF3D73CD1397}.Release|x64.Build.0 = Release|Any CPU
		{4851143C-8C07-4D53-A209-DF3D73CD1397}.Release|x86.ActiveCfg = Release|Any CPU
		{4851143C-8C07-4D53-A209-DF3D73CD1397}.Release|x86.Build.0 = Release|Any CPU
		{7D27F2F8-F0EC-45EF-BD11-E6D0868FDFEA}.Debug|Any CPU.ActiveCfg = Debug|Any CPU
		{7D27F2F8-F0EC-45EF-BD11-E6D0868FDFEA}.Debug|Any CPU.Build.0 = Debug|Any CPU
		{7D27F2F8-F0EC-45EF-BD11-E6D0868FDFEA}.Debug|x64.ActiveCfg = Debug|Any CPU
		{7D27F2F8-F0EC-45EF-BD11-E6D0868FDFEA}.Debug|x64.Build.0 = Debug|Any CPU
		{7D27F2F8-F0EC-45EF-BD11-E6D0868FDFEA}.Debug|x86.ActiveCfg = Debug|Any CPU
		{7D27F2F8-F0EC-45EF-BD11-E6D0868FDFEA}.Debug|x86.Build.0 = Debug|Any CPU
		{7D27F2F8-F0EC-45EF-BD11-E6D0868FDFEA}.Release|Any CPU.ActiveCfg = Release|Any CPU
		{7D27F2F8-F0EC-45EF-BD11-E6D0868FDFEA}.Release|Any CPU.Build.0 = Release|Any CPU
		{7D27F2F8-F0EC-45EF-BD11-E6D0868FDFEA}.Release|x64.ActiveCfg = Release|Any CPU
		{7D27F2F8-F0EC-45EF-BD11-E6D0868FDFEA}.Release|x64.Build.0 = Release|Any CPU
		{7D27F2F8-F0EC-45EF-BD11-E6D0868FDFEA}.Release|x86.ActiveCfg = Release|Any CPU
		{7D27F2F8-F0EC-45EF-BD11-E6D0868FDFEA}.Release|x86.Build.0 = Release|Any CPU
		{F56F5BF4-419C-4E3F-84AE-5AD951AE0B39}.Debug|Any CPU.ActiveCfg = Debug|Any CPU
		{F56F5BF4-419C-4E3F-84AE-5AD951AE0B39}.Debug|Any CPU.Build.0 = Debug|Any CPU
		{F56F5BF4-419C-4E3F-84AE-5AD951AE0B39}.Debug|x64.ActiveCfg = Debug|Any CPU
		{F56F5BF4-419C-4E3F-84AE-5AD951AE0B39}.Debug|x64.Build.0 = Debug|Any CPU
		{F56F5BF4-419C-4E3F-84AE-5AD951AE0B39}.Debug|x86.ActiveCfg = Debug|Any CPU
		{F56F5BF4-419C-4E3F-84AE-5AD951AE0B39}.Debug|x86.Build.0 = Debug|Any CPU
		{F56F5BF4-419C-4E3F-84AE-5AD951AE0B39}.Release|Any CPU.ActiveCfg = Release|Any CPU
		{F56F5BF4-419C-4E3F-84AE-5AD951AE0B39}.Release|Any CPU.Build.0 = Release|Any CPU
		{F56F5BF4-419C-4E3F-84AE-5AD951AE0B39}.Release|x64.ActiveCfg = Release|Any CPU
		{F56F5BF4-419C-4E3F-84AE-5AD951AE0B39}.Release|x64.Build.0 = Release|Any CPU
		{F56F5BF4-419C-4E3F-84AE-5AD951AE0B39}.Release|x86.ActiveCfg = Release|Any CPU
		{F56F5BF4-419C-4E3F-84AE-5AD951AE0B39}.Release|x86.Build.0 = Release|Any CPU
		{F1FFDDC5-2138-4E0E-BEA6-67C176142C29}.Debug|Any CPU.ActiveCfg = Debug|Any CPU
		{F1FFDDC5-2138-4E0E-BEA6-67C176142C29}.Debug|Any CPU.Build.0 = Debug|Any CPU
		{F1FFDDC5-2138-4E0E-BEA6-67C176142C29}.Debug|x64.ActiveCfg = Debug|Any CPU
		{F1FFDDC5-2138-4E0E-BEA6-67C176142C29}.Debug|x64.Build.0 = Debug|Any CPU
		{F1FFDDC5-2138-4E0E-BEA6-67C176142C29}.Debug|x86.ActiveCfg = Debug|Any CPU
		{F1FFDDC5-2138-4E0E-BEA6-67C176142C29}.Debug|x86.Build.0 = Debug|Any CPU
		{F1FFDDC5-2138-4E0E-BEA6-67C176142C29}.Release|Any CPU.ActiveCfg = Release|Any CPU
		{F1FFDDC5-2138-4E0E-BEA6-67C176142C29}.Release|Any CPU.Build.0 = Release|Any CPU
		{F1FFDDC5-2138-4E0E-BEA6-67C176142C29}.Release|x64.ActiveCfg = Release|Any CPU
		{F1FFDDC5-2138-4E0E-BEA6-67C176142C29}.Release|x64.Build.0 = Release|Any CPU
		{F1FFDDC5-2138-4E0E-BEA6-67C176142C29}.Release|x86.ActiveCfg = Release|Any CPU
		{F1FFDDC5-2138-4E0E-BEA6-67C176142C29}.Release|x86.Build.0 = Release|Any CPU
		{999C1EC6-9638-494B-9F53-B0D85F44CEB8}.Debug|Any CPU.ActiveCfg = Debug|Any CPU
		{999C1EC6-9638-494B-9F53-B0D85F44CEB8}.Debug|Any CPU.Build.0 = Debug|Any CPU
		{999C1EC6-9638-494B-9F53-B0D85F44CEB8}.Debug|x64.ActiveCfg = Debug|Any CPU
		{999C1EC6-9638-494B-9F53-B0D85F44CEB8}.Debug|x64.Build.0 = Debug|Any CPU
		{999C1EC6-9638-494B-9F53-B0D85F44CEB8}.Debug|x86.ActiveCfg = Debug|Any CPU
		{999C1EC6-9638-494B-9F53-B0D85F44CEB8}.Debug|x86.Build.0 = Debug|Any CPU
		{999C1EC6-9638-494B-9F53-B0D85F44CEB8}.Release|Any CPU.ActiveCfg = Release|Any CPU
		{999C1EC6-9638-494B-9F53-B0D85F44CEB8}.Release|Any CPU.Build.0 = Release|Any CPU
		{999C1EC6-9638-494B-9F53-B0D85F44CEB8}.Release|x64.ActiveCfg = Release|Any CPU
		{999C1EC6-9638-494B-9F53-B0D85F44CEB8}.Release|x64.Build.0 = Release|Any CPU
		{999C1EC6-9638-494B-9F53-B0D85F44CEB8}.Release|x86.ActiveCfg = Release|Any CPU
		{999C1EC6-9638-494B-9F53-B0D85F44CEB8}.Release|x86.Build.0 = Release|Any CPU
	EndGlobalSection
	GlobalSection(SolutionProperties) = preSolution
		HideSolutionNode = FALSE
	EndGlobalSection
	GlobalSection(NestedProjects) = preSolution
		{F56F5BF4-419C-4E3F-84AE-5AD951AE0B39} = {827E0CD3-B72D-47B6-A68D-7590B98EB39B}
		{F1FFDDC5-2138-4E0E-BEA6-67C176142C29} = {0AB3BF05-4346-4AA6-1389-037BE0695223}
		{999C1EC6-9638-494B-9F53-B0D85F44CEB8} = {827E0CD3-B72D-47B6-A68D-7590B98EB39B}
	EndGlobalSection
EndGlobal
