Microsoft Visual Studio Solution File, Format Version 12.00
# Visual Studio Version 17
VisualStudioVersion = 17.0.31903.59
MinimumVisualStudioVersion = 10.0.40219.1
Project("{FAE04EC0-301F-11D3-BF4B-00C04F79EFBC}") = "OsuMusicPlayer.Core", "src\OsuMusicPlayer.Core\OsuMusicPlayer.Core.csproj", "{A26D22B7-57A0-4D16-BF18-3E5F0A6E45B8}"
EndProject
Project("{FAE04EC0-301F-11D3-BF4B-00C04F79EFBC}") = "OsuMusicPlayer.Core.Tests", "tests\OsuMusicPlayer.Core.Tests\OsuMusicPlayer.Core.Tests.csproj", "{0A1E11C5-75E7-4B62-91C7-B234746A1F82}"
EndProject
Project("{FAE04EC0-301F-11D3-BF4B-00C04F79EFBC}") = "OsuMusicPlayer.Audio", "src\OsuMusicPlayer.Audio\OsuMusicPlayer.Audio.csproj", "{266F87DE-4725-4D96-A527-4890EAC32CC5}"
EndProject
Project("{FAE04EC0-301F-11D3-BF4B-00C04F79EFBC}") = "OsuMusicPlayer.App", "src\OsuMusicPlayer.App\OsuMusicPlayer.App.csproj", "{C805E760-00DA-43EF-B212-D1D7C2019EC8}"
EndProject
Project("{FAE04EC0-301F-11D3-BF4B-00C04F79EFBC}") = "OsuMusicPlayer.Audio.Tests", "tests\OsuMusicPlayer.Audio.Tests\OsuMusicPlayer.Audio.Tests.csproj", "{4851143C-8C07-4D53-A209-DF3D73CD1397}"
EndProject
Project("{FAE04EC0-301F-11D3-BF4B-00C04F79EFBC}") = "OsuMusicPlayer.App.Tests", "tests\OsuMusicPlayer.App.Tests\OsuMusicPlayer.App.Tests.csproj", "{7D27F2F8-F0EC-45EF-BD11-E6D0868FDFEA}"
EndProject
Global
	GlobalSection(SolutionConfigurationPlatforms) = preSolution
		Debug|Any CPU = Debug|Any CPU
		Release|Any CPU = Release|Any CPU
	EndGlobalSection
	GlobalSection(ProjectConfigurationPlatforms) = postSolution
		{A26D22B7-57A0-4D16-BF18-3E5F0A6E45B8}.Debug|Any CPU.ActiveCfg = Debug|Any CPU
		{A26D22B7-57A0-4D16-BF18-3E5F0A6E45B8}.Debug|Any CPU.Build.0 = Debug|Any CPU
		{A26D22B7-57A0-4D16-BF18-3E5F0A6E45B8}.Release|Any CPU.ActiveCfg = Release|Any CPU
		{A26D22B7-57A0-4D16-BF18-3E5F0A6E45B8}.Release|Any CPU.Build.0 = Release|Any CPU
		{0A1E11C5-75E7-4B62-91C7-B234746A1F82}.Debug|Any CPU.ActiveCfg = Debug|Any CPU
		{0A1E11C5-75E7-4B62-91C7-B234746A1F82}.Debug|Any CPU.Build.0 = Debug|Any CPU
		{0A1E11C5-75E7-4B62-91C7-B234746A1F82}.Release|Any CPU.ActiveCfg = Release|Any CPU
		{0A1E11C5-75E7-4B62-91C7-B234746A1F82}.Release|Any CPU.Build.0 = Release|Any CPU
		{266F87DE-4725-4D96-A527-4890EAC32CC5}.Debug|Any CPU.ActiveCfg = Debug|Any CPU
		{266F87DE-4725-4D96-A527-4890EAC32CC5}.Debug|Any CPU.Build.0 = Debug|Any CPU
		{266F87DE-4725-4D96-A527-4890EAC32CC5}.Release|Any CPU.ActiveCfg = Release|Any CPU
		{266F87DE-4725-4D96-A527-4890EAC32CC5}.Release|Any CPU.Build.0 = Release|Any CPU
		{C805E760-00DA-43EF-B212-D1D7C2019EC8}.Debug|Any CPU.ActiveCfg = Debug|Any CPU
		{C805E760-00DA-43EF-B212-D1D7C2019EC8}.Debug|Any CPU.Build.0 = Debug|Any CPU
		{C805E760-00DA-43EF-B212-D1D7C2019EC8}.Release|Any CPU.ActiveCfg = Release|Any CPU
		{C805E760-00DA-43EF-B212-D1D7C2019EC8}.Release|Any CPU.Build.0 = Release|Any CPU
		{4851143C-8C07-4D53-A209-DF3D73CD1397}.Debug|Any CPU.ActiveCfg = Debug|Any CPU
		{4851143C-8C07-4D53-A209-DF3D73CD1397}.Debug|Any CPU.Build.0 = Debug|Any CPU
		{4851143C-8C07-4D53-A209-DF3D73CD1397}.Release|Any CPU.ActiveCfg = Release|Any CPU
		{4851143C-8C07-4D53-A209-DF3D73CD1397}.Release|Any CPU.Build.0 = Release|Any CPU
		{7D27F2F8-F0EC-45EF-BD11-E6D0868FDFEA}.Debug|Any CPU.ActiveCfg = Debug|Any CPU
		{7D27F2F8-F0EC-45EF-BD11-E6D0868FDFEA}.Debug|Any CPU.Build.0 = Debug|Any CPU
		{7D27F2F8-F0EC-45EF-BD11-E6D0868FDFEA}.Release|Any CPU.ActiveCfg = Release|Any CPU
		{7D27F2F8-F0EC-45EF-BD11-E6D0868FDFEA}.Release|Any CPU.Build.0 = Release|Any CPU
	EndGlobalSection
EndGlobal
